
Microsoft Visual Studio Solution File, Format Version 12.00
# Visual Studio 14
VisualStudioVersion = 14.0.25420.1
MinimumVisualStudioVersion = 10.0.40219.1
Project("{FAE04EC0-301F-11D3-BF4B-00C04F79EFBC}") = "Phoneword", "Phoneword\Phoneword\Phoneword.csproj", "{FF7BCCCB-095B-41E9-BFB1-CDDF6AB59CA8}"
EndProject
Project("{FAE04EC0-301F-11D3-BF4B-00C04F79EFBC}") = "Phoneword.Droid", "Phoneword\Phoneword.Droid\Phoneword.Droid.csproj", "{E366B35A-5153-4F85-91CA-ED4B2DC96540}"
EndProject
Project("{FAE04EC0-301F-11D3-BF4B-00C04F79EFBC}") = "Phoneword.iOS", "Phoneword\Phoneword.iOS\Phoneword.iOS.csproj", "{EBCD1A59-4311-43A7-9573-1D43D14BE63A}"
EndProject
Project("{FAE04EC0-301F-11D3-BF4B-00C04F79EFBC}") = "Phoneword.WinPhone", "Phoneword\Phoneword.WinPhone\Phoneword.WinPhone.csproj", "{6E356F6F-A9C8-4DF2-8525-C635752C6C29}"
EndProject
Project("{FAE04EC0-301F-11D3-BF4B-00C04F79EFBC}") = "Phoneword.UWP", "Phoneword\Phoneword.UWP\Phoneword.UWP.csproj", "{D57C6E6E-4988-475D-B778-1073F8ADA74C}"
EndProject
Project("{FAE04EC0-301F-11D3-BF4B-00C04F79EFBC}") = "Phoneword.Windows", "Phoneword\Phoneword.Windows\Phoneword.Windows.csproj", "{8088BB1F-9DA1-4758-906A-1533CDDA590F}"
EndProject
Global
	GlobalSection(SolutionConfigurationPlatforms) = preSolution
		Ad-Hoc|Any CPU = Ad-Hoc|Any CPU
		Ad-Hoc|ARM = Ad-Hoc|ARM
		Ad-Hoc|iPhone = Ad-Hoc|iPhone
		Ad-Hoc|iPhoneSimulator = Ad-Hoc|iPhoneSimulator
		Ad-Hoc|x64 = Ad-Hoc|x64
		Ad-Hoc|x86 = Ad-Hoc|x86
		AppStore|Any CPU = AppStore|Any CPU
		AppStore|ARM = AppStore|ARM
		AppStore|iPhone = AppStore|iPhone
		AppStore|iPhoneSimulator = AppStore|iPhoneSimulator
		AppStore|x64 = AppStore|x64
		AppStore|x86 = AppStore|x86
		Debug|Any CPU = Debug|Any CPU
		Debug|ARM = Debug|ARM
		Debug|iPhone = Debug|iPhone
		Debug|iPhoneSimulator = Debug|iPhoneSimulator
		Debug|x64 = Debug|x64
		Debug|x86 = Debug|x86
		Release|Any CPU = Release|Any CPU
		Release|ARM = Release|ARM
		Release|iPhone = Release|iPhone
		Release|iPhoneSimulator = Release|iPhoneSimulator
		Release|x64 = Release|x64
		Release|x86 = Release|x86
	EndGlobalSection
	GlobalSection(ProjectConfigurationPlatforms) = postSolution
		{FF7BCCCB-095B-41E9-BFB1-CDDF6AB59CA8}.Ad-Hoc|Any CPU.ActiveCfg = Release|Any CPU
		{FF7BCCCB-095B-41E9-BFB1-CDDF6AB59CA8}.Ad-Hoc|Any CPU.Build.0 = Release|Any CPU
		{FF7BCCCB-095B-41E9-BFB1-CDDF6AB59CA8}.Ad-Hoc|ARM.ActiveCfg = Release|Any CPU
		{FF7BCCCB-095B-41E9-BFB1-CDDF6AB59CA8}.Ad-Hoc|ARM.Build.0 = Release|Any CPU
		{FF7BCCCB-095B-41E9-BFB1-CDDF6AB59CA8}.Ad-Hoc|iPhone.ActiveCfg = Release|Any CPU
		{FF7BCCCB-095B-41E9-BFB1-CDDF6AB59CA8}.Ad-Hoc|iPhone.Build.0 = Release|Any CPU
		{FF7BCCCB-095B-41E9-BFB1-CDDF6AB59CA8}.Ad-Hoc|iPhoneSimulator.ActiveCfg = Release|Any CPU
		{FF7BCCCB-095B-41E9-BFB1-CDDF6AB59CA8}.Ad-Hoc|iPhoneSimulator.Build.0 = Release|Any CPU
		{FF7BCCCB-095B-41E9-BFB1-CDDF6AB59CA8}.Ad-Hoc|x64.ActiveCfg = Release|Any CPU
		{FF7BCCCB-095B-41E9-BFB1-CDDF6AB59CA8}.Ad-Hoc|x64.Build.0 = Release|Any CPU
		{FF7BCCCB-095B-41E9-BFB1-CDDF6AB59CA8}.Ad-Hoc|x86.ActiveCfg = Release|Any CPU
		{FF7BCCCB-095B-41E9-BFB1-CDDF6AB59CA8}.Ad-Hoc|x86.Build.0 = Release|Any CPU
		{FF7BCCCB-095B-41E9-BFB1-CDDF6AB59CA8}.AppStore|Any CPU.ActiveCfg = Release|Any CPU
		{FF7BCCCB-095B-41E9-BFB1-CDDF6AB59CA8}.AppStore|Any CPU.Build.0 = Release|Any CPU
		{FF7BCCCB-095B-41E9-BFB1-CDDF6AB59CA8}.AppStore|ARM.ActiveCfg = Release|Any CPU
		{FF7BCCCB-095B-41E9-BFB1-CDDF6AB59CA8}.AppStore|ARM.Build.0 = Release|Any CPU
		{FF7BCCCB-095B-41E9-BFB1-CDDF6AB59CA8}.AppStore|iPhone.ActiveCfg = Release|Any CPU
		{FF7BCCCB-095B-41E9-BFB1-CDDF6AB59CA8}.AppStore|iPhone.Build.0 = Release|Any CPU
		{FF7BCCCB-095B-41E9-BFB1-CDDF6AB59CA8}.AppStore|iPhoneSimulator.ActiveCfg = Release|Any CPU
		{FF7BCCCB-095B-41E9-BFB1-CDDF6AB59CA8}.AppStore|iPhoneSimulator.Build.0 = Release|Any CPU
		{FF7BCCCB-095B-41E9-BFB1-CDDF6AB59CA8}.AppStore|x64.ActiveCfg = Release|Any CPU
		{FF7BCCCB-095B-41E9-BFB1-CDDF6AB59CA8}.AppStore|x64.Build.0 = Release|Any CPU
		{FF7BCCCB-095B-41E9-BFB1-CDDF6AB59CA8}.AppStore|x86.ActiveCfg = Release|Any CPU
		{FF7BCCCB-095B-41E9-BFB1-CDDF6AB59CA8}.AppStore|x86.Build.0 = Release|Any CPU
		{FF7BCCCB-095B-41E9-BFB1-CDDF6AB59CA8}.Debug|Any CPU.ActiveCfg = Debug|Any CPU
		{FF7BCCCB-095B-41E9-BFB1-CDDF6AB59CA8}.Debug|Any CPU.Build.0 = Debug|Any CPU
		{FF7BCCCB-095B-41E9-BFB1-CDDF6AB59CA8}.Debug|ARM.ActiveCfg = Debug|Any CPU
		{FF7BCCCB-095B-41E9-BFB1-CDDF6AB59CA8}.Debug|ARM.Build.0 = Debug|Any CPU
		{FF7BCCCB-095B-41E9-BFB1-CDDF6AB59CA8}.Debug|iPhone.ActiveCfg = Debug|Any CPU
		{FF7BCCCB-095B-41E9-BFB1-CDDF6AB59CA8}.Debug|iPhone.Build.0 = Debug|Any CPU
		{FF7BCCCB-095B-41E9-BFB1-CDDF6AB59CA8}.Debug|iPhoneSimulator.ActiveCfg = Debug|Any CPU
		{FF7BCCCB-095B-41E9-BFB1-CDDF6AB59CA8}.Debug|iPhoneSimulator.Build.0 = Debug|Any CPU
		{FF7BCCCB-095B-41E9-BFB1-CDDF6AB59CA8}.Debug|x64.ActiveCfg = Debug|Any CPU
		{FF7BCCCB-095B-41E9-BFB1-CDDF6AB59CA8}.Debug|x64.Build.0 = Debug|Any CPU
		{FF7BCCCB-095B-41E9-BFB1-CDDF6AB59CA8}.Debug|x86.ActiveCfg = Debug|Any CPU
		{FF7BCCCB-095B-41E9-BFB1-CDDF6AB59CA8}.Debug|x86.Build.0 = Debug|Any CPU
		{FF7BCCCB-095B-41E9-BFB1-CDDF6AB59CA8}.Release|Any CPU.ActiveCfg = Release|Any CPU
		{FF7BCCCB-095B-41E9-BFB1-CDDF6AB59CA8}.Release|Any CPU.Build.0 = Release|Any CPU
		{FF7BCCCB-095B-41E9-BFB1-CDDF6AB59CA8}.Release|ARM.ActiveCfg = Release|Any CPU
		{FF7BCCCB-095B-41E9-BFB1-CDDF6AB59CA8}.Release|ARM.Build.0 = Release|Any CPU
		{FF7BCCCB-095B-41E9-BFB1-CDDF6AB59CA8}.Release|iPhone.ActiveCfg = Release|Any CPU
		{FF7BCCCB-095B-41E9-BFB1-CDDF6AB59CA8}.Release|iPhone.Build.0 = Release|Any CPU
		{FF7BCCCB-095B-41E9-BFB1-CDDF6AB59CA8}.Release|iPhoneSimulator.ActiveCfg = Release|Any CPU
		{FF7BCCCB-095B-41E9-BFB1-CDDF6AB59CA8}.Release|iPhoneSimulator.Build.0 = Release|Any CPU
		{FF7BCCCB-095B-41E9-BFB1-CDDF6AB59CA8}.Release|x64.ActiveCfg = Release|Any CPU
		{FF7BCCCB-095B-41E9-BFB1-CDDF6AB59CA8}.Release|x64.Build.0 = Release|Any CPU
		{FF7BCCCB-095B-41E9-BFB1-CDDF6AB59CA8}.Release|x86.ActiveCfg = Release|Any CPU
		{FF7BCCCB-095B-41E9-BFB1-CDDF6AB59CA8}.Release|x86.Build.0 = Release|Any CPU
		{E366B35A-5153-4F85-91CA-ED4B2DC96540}.Ad-Hoc|Any CPU.ActiveCfg = Release|Any CPU
		{E366B35A-5153-4F85-91CA-ED4B2DC96540}.Ad-Hoc|Any CPU.Build.0 = Release|Any CPU
		{E366B35A-5153-4F85-91CA-ED4B2DC96540}.Ad-Hoc|Any CPU.Deploy.0 = Release|Any CPU
		{E366B35A-5153-4F85-91CA-ED4B2DC96540}.Ad-Hoc|ARM.ActiveCfg = Release|Any CPU
		{E366B35A-5153-4F85-91CA-ED4B2DC96540}.Ad-Hoc|ARM.Build.0 = Release|Any CPU
		{E366B35A-5153-4F85-91CA-ED4B2DC96540}.Ad-Hoc|ARM.Deploy.0 = Release|Any CPU
		{E366B35A-5153-4F85-91CA-ED4B2DC96540}.Ad-Hoc|iPhone.ActiveCfg = Release|Any CPU
		{E366B35A-5153-4F85-91CA-ED4B2DC96540}.Ad-Hoc|iPhone.Build.0 = Release|Any CPU
		{E366B35A-5153-4F85-91CA-ED4B2DC96540}.Ad-Hoc|iPhone.Deploy.0 = Release|Any CPU
		{E366B35A-5153-4F85-91CA-ED4B2DC96540}.Ad-Hoc|iPhoneSimulator.ActiveCfg = Release|Any CPU
		{E366B35A-5153-4F85-91CA-ED4B2DC96540}.Ad-Hoc|iPhoneSimulator.Build.0 = Release|Any CPU
		{E366B35A-5153-4F85-91CA-ED4B2DC96540}.Ad-Hoc|iPhoneSimulator.Deploy.0 = Release|Any CPU
		{E366B35A-5153-4F85-91CA-ED4B2DC96540}.Ad-Hoc|x64.ActiveCfg = Release|Any CPU
		{E366B35A-5153-4F85-91CA-ED4B2DC96540}.Ad-Hoc|x64.Build.0 = Release|Any CPU
		{E366B35A-5153-4F85-91CA-ED4B2DC96540}.Ad-Hoc|x64.Deploy.0 = Release|Any CPU
		{E366B35A-5153-4F85-91CA-ED4B2DC96540}.Ad-Hoc|x86.ActiveCfg = Release|Any CPU
		{E366B35A-5153-4F85-91CA-ED4B2DC96540}.Ad-Hoc|x86.Build.0 = Release|Any CPU
		{E366B35A-5153-4F85-91CA-ED4B2DC96540}.Ad-Hoc|x86.Deploy.0 = Release|Any CPU
		{E366B35A-5153-4F85-91CA-ED4B2DC96540}.AppStore|Any CPU.ActiveCfg = Release|Any CPU
		{E366B35A-5153-4F85-91CA-ED4B2DC96540}.AppStore|Any CPU.Build.0 = Release|Any CPU
		{E366B35A-5153-4F85-91CA-ED4B2DC96540}.AppStore|Any CPU.Deploy.0 = Release|Any CPU
		{E366B35A-5153-4F85-91CA-ED4B2DC96540}.AppStore|ARM.ActiveCfg = Release|Any CPU
		{E366B35A-5153-4F85-91CA-ED4B2DC96540}.AppStore|ARM.Build.0 = Release|Any CPU
		{E366B35A-5153-4F85-91CA-ED4B2DC96540}.AppStore|ARM.Deploy.0 = Release|Any CPU
		{E366B35A-5153-4F85-91CA-ED4B2DC96540}.AppStore|iPhone.ActiveCfg = Release|Any CPU
		{E366B35A-5153-4F85-91CA-ED4B2DC96540}.AppStore|iPhone.Build.0 = Release|Any CPU
		{E366B35A-5153-4F85-91CA-ED4B2DC96540}.AppStore|iPhone.Deploy.0 = Release|Any CPU
		{E366B35A-5153-4F85-91CA-ED4B2DC96540}.AppStore|iPhoneSimulator.ActiveCfg = Release|Any CPU
		{E366B35A-5153-4F85-91CA-ED4B2DC96540}.AppStore|iPhoneSimulator.Build.0 = Release|Any CPU
		{E366B35A-5153-4F85-91CA-ED4B2DC96540}.AppStore|iPhoneSimulator.Deploy.0 = Release|Any CPU
		{E366B35A-5153-4F85-91CA-ED4B2DC96540}.AppStore|x64.ActiveCfg = Release|Any CPU
		{E366B35A-5153-4F85-91CA-ED4B2DC96540}.AppStore|x64.Build.0 = Release|Any CPU
		{E366B35A-5153-4F85-91CA-ED4B2DC96540}.AppStore|x64.Deploy.0 = Release|Any CPU
		{E366B35A-5153-4F85-91CA-ED4B2DC96540}.AppStore|x86.ActiveCfg = Release|Any CPU
		{E366B35A-5153-4F85-91CA-ED4B2DC96540}.AppStore|x86.Build.0 = Release|Any CPU
		{E366B35A-5153-4F85-91CA-ED4B2DC96540}.AppStore|x86.Deploy.0 = Release|Any CPU
		{E366B35A-5153-4F85-91CA-ED4B2DC96540}.Debug|Any CPU.ActiveCfg = Debug|Any CPU
		{E366B35A-5153-4F85-91CA-ED4B2DC96540}.Debug|Any CPU.Build.0 = Debug|Any CPU
		{E366B35A-5153-4F85-91CA-ED4B2DC96540}.Debug|Any CPU.Deploy.0 = Debug|Any CPU
		{E366B35A-5153-4F85-91CA-ED4B2DC96540}.Debug|ARM.ActiveCfg = Debug|Any CPU
		{E366B35A-5153-4F85-91CA-ED4B2DC96540}.Debug|ARM.Build.0 = Debug|Any CPU
		{E366B35A-5153-4F85-91CA-ED4B2DC96540}.Debug|ARM.Deploy.0 = Debug|Any CPU
		{E366B35A-5153-4F85-91CA-ED4B2DC96540}.Debug|iPhone.ActiveCfg = Debug|Any CPU
		{E366B35A-5153-4F85-91CA-ED4B2DC96540}.Debug|iPhone.Build.0 = Debug|Any CPU
		{E366B35A-5153-4F85-91CA-ED4B2DC96540}.Debug|iPhone.Deploy.0 = Debug|Any CPU
		{E366B35A-5153-4F85-91CA-ED4B2DC96540}.Debug|iPhoneSimulator.ActiveCfg = Debug|Any CPU
		{E366B35A-5153-4F85-91CA-ED4B2DC96540}.Debug|iPhoneSimulator.Build.0 = Debug|Any CPU
		{E366B35A-5153-4F85-91CA-ED4B2DC96540}.Debug|iPhoneSimulator.Deploy.0 = Debug|Any CPU
		{E366B35A-5153-4F85-91CA-ED4B2DC96540}.Debug|x64.ActiveCfg = Debug|Any CPU
		{E366B35A-5153-4F85-91CA-ED4B2DC96540}.Debug|x64.Build.0 = Debug|Any CPU
		{E366B35A-5153-4F85-91CA-ED4B2DC96540}.Debug|x64.Deploy.0 = Debug|Any CPU
		{E366B35A-5153-4F85-91CA-ED4B2DC96540}.Debug|x86.ActiveCfg = Debug|Any CPU
		{E366B35A-5153-4F85-91CA-ED4B2DC96540}.Debug|x86.Build.0 = Debug|Any CPU
		{E366B35A-5153-4F85-91CA-ED4B2DC96540}.Debug|x86.Deploy.0 = Debug|Any CPU
		{E366B35A-5153-4F85-91CA-ED4B2DC96540}.Release|Any CPU.ActiveCfg = Release|Any CPU
		{E366B35A-5153-4F85-91CA-ED4B2DC96540}.Release|Any CPU.Build.0 = Release|Any CPU
		{E366B35A-5153-4F85-91CA-ED4B2DC96540}.Release|Any CPU.Deploy.0 = Release|Any CPU
		{E366B35A-5153-4F85-91CA-ED4B2DC96540}.Release|ARM.ActiveCfg = Release|Any CPU
		{E366B35A-5153-4F85-91CA-ED4B2DC96540}.Release|ARM.Build.0 = Release|Any CPU
		{E366B35A-5153-4F85-91CA-ED4B2DC96540}.Release|ARM.Deploy.0 = Release|Any CPU
		{E366B35A-5153-4F85-91CA-ED4B2DC96540}.Release|iPhone.ActiveCfg = Release|Any CPU
		{E366B35A-5153-4F85-91CA-ED4B2DC96540}.Release|iPhone.Build.0 = Release|Any CPU
		{E366B35A-5153-4F85-91CA-ED4B2DC96540}.Release|iPhone.Deploy.0 = Release|Any CPU
		{E366B35A-5153-4F85-91CA-ED4B2DC96540}.Release|iPhoneSimulator.ActiveCfg = Release|Any CPU
		{E366B35A-5153-4F85-91CA-ED4B2DC96540}.Release|iPhoneSimulator.Build.0 = Release|Any CPU
		{E366B35A-5153-4F85-91CA-ED4B2DC96540}.Release|iPhoneSimulator.Deploy.0 = Release|Any CPU
		{E366B35A-5153-4F85-91CA-ED4B2DC96540}.Release|x64.ActiveCfg = Release|Any CPU
		{E366B35A-5153-4F85-91CA-ED4B2DC96540}.Release|x64.Build.0 = Release|Any CPU
		{E366B35A-5153-4F85-91CA-ED4B2DC96540}.Release|x64.Deploy.0 = Release|Any CPU
		{E366B35A-5153-4F85-91CA-ED4B2DC96540}.Release|x86.ActiveCfg = Release|Any CPU
		{E366B35A-5153-4F85-91CA-ED4B2DC96540}.Release|x86.Build.0 = Release|Any CPU
		{E366B35A-5153-4F85-91CA-ED4B2DC96540}.Release|x86.Deploy.0 = Release|Any CPU
		{EBCD1A59-4311-43A7-9573-1D43D14BE63A}.Ad-Hoc|Any CPU.ActiveCfg = Ad-Hoc|iPhone
		{EBCD1A59-4311-43A7-9573-1D43D14BE63A}.Ad-Hoc|ARM.ActiveCfg = Ad-Hoc|iPhone
		{EBCD1A59-4311-43A7-9573-1D43D14BE63A}.Ad-Hoc|iPhone.ActiveCfg = Ad-Hoc|iPhone
		{EBCD1A59-4311-43A7-9573-1D43D14BE63A}.Ad-Hoc|iPhone.Build.0 = Ad-Hoc|iPhone
		{EBCD1A59-4311-43A7-9573-1D43D14BE63A}.Ad-Hoc|iPhoneSimulator.ActiveCfg = Ad-Hoc|iPhoneSimulator
		{EBCD1A59-4311-43A7-9573-1D43D14BE63A}.Ad-Hoc|iPhoneSimulator.Build.0 = Ad-Hoc|iPhoneSimulator
		{EBCD1A59-4311-43A7-9573-1D43D14BE63A}.Ad-Hoc|x64.ActiveCfg = Ad-Hoc|iPhone
		{EBCD1A59-4311-43A7-9573-1D43D14BE63A}.Ad-Hoc|x86.ActiveCfg = Ad-Hoc|iPhone
		{EBCD1A59-4311-43A7-9573-1D43D14BE63A}.AppStore|Any CPU.ActiveCfg = AppStore|iPhone
		{EBCD1A59-4311-43A7-9573-1D43D14BE63A}.AppStore|ARM.ActiveCfg = AppStore|iPhone
		{EBCD1A59-4311-43A7-9573-1D43D14BE63A}.AppStore|iPhone.ActiveCfg = AppStore|iPhone
		{EBCD1A59-4311-43A7-9573-1D43D14BE63A}.AppStore|iPhone.Build.0 = AppStore|iPhone
		{EBCD1A59-4311-43A7-9573-1D43D14BE63A}.AppStore|iPhoneSimulator.ActiveCfg = AppStore|iPhoneSimulator
		{EBCD1A59-4311-43A7-9573-1D43D14BE63A}.AppStore|iPhoneSimulator.Build.0 = AppStore|iPhoneSimulator
		{EBCD1A59-4311-43A7-9573-1D43D14BE63A}.AppStore|x64.ActiveCfg = AppStore|iPhone
		{EBCD1A59-4311-43A7-9573-1D43D14BE63A}.AppStore|x86.ActiveCfg = AppStore|iPhone
		{EBCD1A59-4311-43A7-9573-1D43D14BE63A}.Debug|Any CPU.ActiveCfg = Debug|iPhone
		{EBCD1A59-4311-43A7-9573-1D43D14BE63A}.Debug|ARM.ActiveCfg = Debug|iPhone
		{EBCD1A59-4311-43A7-9573-1D43D14BE63A}.Debug|iPhone.ActiveCfg = Debug|iPhone
		{EBCD1A59-4311-43A7-9573-1D43D14BE63A}.Debug|iPhone.Build.0 = Debug|iPhone
		{EBCD1A59-4311-43A7-9573-1D43D14BE63A}.Debug|iPhoneSimulator.ActiveCfg = Debug|iPhoneSimulator
		{EBCD1A59-4311-43A7-9573-1D43D14BE63A}.Debug|iPhoneSimulator.Build.0 = Debug|iPhoneSimulator
		{EBCD1A59-4311-43A7-9573-1D43D14BE63A}.Debug|x64.ActiveCfg = Debug|iPhone
		{EBCD1A59-4311-43A7-9573-1D43D14BE63A}.Debug|x86.ActiveCfg = Debug|iPhone
		{EBCD1A59-4311-43A7-9573-1D43D14BE63A}.Release|Any CPU.ActiveCfg = Release|iPhone
		{EBCD1A59-4311-43A7-9573-1D43D14BE63A}.Release|ARM.ActiveCfg = Release|iPhone
		{EBCD1A59-4311-43A7-9573-1D43D14BE63A}.Release|iPhone.ActiveCfg = Release|iPhone
		{EBCD1A59-4311-43A7-9573-1D43D14BE63A}.Release|iPhone.Build.0 = Release|iPhone
		{EBCD1A59-4311-43A7-9573-1D43D14BE63A}.Release|iPhoneSimulator.ActiveCfg = Release|iPhoneSimulator
		{EBCD1A59-4311-43A7-9573-1D43D14BE63A}.Release|iPhoneSimulator.Build.0 = Release|iPhoneSimulator
		{EBCD1A59-4311-43A7-9573-1D43D14BE63A}.Release|x64.ActiveCfg = Release|iPhone
		{EBCD1A59-4311-43A7-9573-1D43D14BE63A}.Release|x86.ActiveCfg = Release|iPhone
		{6E356F6F-A9C8-4DF2-8525-C635752C6C29}.Ad-Hoc|Any CPU.ActiveCfg = Release|Any CPU
		{6E356F6F-A9C8-4DF2-8525-C635752C6C29}.Ad-Hoc|Any CPU.Build.0 = Release|Any CPU
		{6E356F6F-A9C8-4DF2-8525-C635752C6C29}.Ad-Hoc|Any CPU.Deploy.0 = Release|Any CPU
		{6E356F6F-A9C8-4DF2-8525-C635752C6C29}.Ad-Hoc|ARM.ActiveCfg = Release|ARM
		{6E356F6F-A9C8-4DF2-8525-C635752C6C29}.Ad-Hoc|ARM.Build.0 = Release|ARM
		{6E356F6F-A9C8-4DF2-8525-C635752C6C29}.Ad-Hoc|ARM.Deploy.0 = Release|ARM
		{6E356F6F-A9C8-4DF2-8525-C635752C6C29}.Ad-Hoc|iPhone.ActiveCfg = Release|Any CPU
		{6E356F6F-A9C8-4DF2-8525-C635752C6C29}.Ad-Hoc|iPhone.Build.0 = Release|Any CPU
		{6E356F6F-A9C8-4DF2-8525-C635752C6C29}.Ad-Hoc|iPhone.Deploy.0 = Release|Any CPU
		{6E356F6F-A9C8-4DF2-8525-C635752C6C29}.Ad-Hoc|iPhoneSimulator.ActiveCfg = Release|Any CPU
		{6E356F6F-A9C8-4DF2-8525-C635752C6C29}.Ad-Hoc|iPhoneSimulator.Build.0 = Release|Any CPU
		{6E356F6F-A9C8-4DF2-8525-C635752C6C29}.Ad-Hoc|iPhoneSimulator.Deploy.0 = Release|Any CPU
		{6E356F6F-A9C8-4DF2-8525-C635752C6C29}.Ad-Hoc|x64.ActiveCfg = Release|Any CPU
		{6E356F6F-A9C8-4DF2-8525-C635752C6C29}.Ad-Hoc|x64.Build.0 = Release|Any CPU
		{6E356F6F-A9C8-4DF2-8525-C635752C6C29}.Ad-Hoc|x64.Deploy.0 = Release|Any CPU
		{6E356F6F-A9C8-4DF2-8525-C635752C6C29}.Ad-Hoc|x86.ActiveCfg = Release|x86
		{6E356F6F-A9C8-4DF2-8525-C635752C6C29}.Ad-Hoc|x86.Build.0 = Release|x86
		{6E356F6F-A9C8-4DF2-8525-C635752C6C29}.Ad-Hoc|x86.Deploy.0 = Release|x86
		{6E356F6F-A9C8-4DF2-8525-C635752C6C29}.AppStore|Any CPU.ActiveCfg = Release|Any CPU
		{6E356F6F-A9C8-4DF2-8525-C635752C6C29}.AppStore|Any CPU.Build.0 = Release|Any CPU
		{6E356F6F-A9C8-4DF2-8525-C635752C6C29}.AppStore|Any CPU.Deploy.0 = Release|Any CPU
		{6E356F6F-A9C8-4DF2-8525-C635752C6C29}.AppStore|ARM.ActiveCfg = Release|ARM
		{6E356F6F-A9C8-4DF2-8525-C635752C6C29}.AppStore|ARM.Build.0 = Release|ARM
		{6E356F6F-A9C8-4DF2-8525-C635752C6C29}.AppStore|ARM.Deploy.0 = Release|ARM
		{6E356F6F-A9C8-4DF2-8525-C635752C6C29}.AppStore|iPhone.ActiveCfg = Release|Any CPU
		{6E356F6F-A9C8-4DF2-8525-C635752C6C29}.AppStore|iPhone.Build.0 = Release|Any CPU
		{6E356F6F-A9C8-4DF2-8525-C635752C6C29}.AppStore|iPhone.Deploy.0 = Release|Any CPU
		{6E356F6F-A9C8-4DF2-8525-C635752C6C29}.AppStore|iPhoneSimulator.ActiveCfg = Release|Any CPU
		{6E356F6F-A9C8-4DF2-8525-C635752C6C29}.AppStore|iPhoneSimulator.Build.0 = Release|Any CPU
		{6E356F6F-A9C8-4DF2-8525-C635752C6C29}.AppStore|iPhoneSimulator.Deploy.0 = Release|Any CPU
		{6E356F6F-A9C8-4DF2-8525-C635752C6C29}.AppStore|x64.ActiveCfg = Release|Any CPU
		{6E356F6F-A9C8-4DF2-8525-C635752C6C29}.AppStore|x64.Build.0 = Release|Any CPU
		{6E356F6F-A9C8-4DF2-8525-C635752C6C29}.AppStore|x64.Deploy.0 = Release|Any CPU
		{6E356F6F-A9C8-4DF2-8525-C635752C6C29}.AppStore|x86.ActiveCfg = Release|x86
		{6E356F6F-A9C8-4DF2-8525-C635752C6C29}.AppStore|x86.Build.0 = Release|x86
		{6E356F6F-A9C8-4DF2-8525-C635752C6C29}.AppStore|x86.Deploy.0 = Release|x86
		{6E356F6F-A9C8-4DF2-8525-C635752C6C29}.Debug|Any CPU.ActiveCfg = Debug|Any CPU
		{6E356F6F-A9C8-4DF2-8525-C635752C6C29}.Debug|Any CPU.Build.0 = Debug|Any CPU
		{6E356F6F-A9C8-4DF2-8525-C635752C6C29}.Debug|Any CPU.Deploy.0 = Debug|Any CPU
		{6E356F6F-A9C8-4DF2-8525-C635752C6C29}.Debug|ARM.ActiveCfg = Debug|ARM
		{6E356F6F-A9C8-4DF2-8525-C635752C6C29}.Debug|ARM.Build.0 = Debug|ARM
		{6E356F6F-A9C8-4DF2-8525-C635752C6C29}.Debug|ARM.Deploy.0 = Debug|ARM
		{6E356F6F-A9C8-4DF2-8525-C635752C6C29}.Debug|iPhone.ActiveCfg = Debug|Any CPU
		{6E356F6F-A9C8-4DF2-8525-C635752C6C29}.Debug|iPhone.Build.0 = Debug|Any CPU
		{6E356F6F-A9C8-4DF2-8525-C635752C6C29}.Debug|iPhone.Deploy.0 = Debug|Any CPU
		{6E356F6F-A9C8-4DF2-8525-C635752C6C29}.Debug|iPhoneSimulator.ActiveCfg = Debug|Any CPU
		{6E356F6F-A9C8-4DF2-8525-C635752C6C29}.Debug|iPhoneSimulator.Build.0 = Debug|Any CPU
		{6E356F6F-A9C8-4DF2-8525-C635752C6C29}.Debug|iPhoneSimulator.Deploy.0 = Debug|Any CPU
		{6E356F6F-A9C8-4DF2-8525-C635752C6C29}.Debug|x64.ActiveCfg = Debug|Any CPU
		{6E356F6F-A9C8-4DF2-8525-C635752C6C29}.Debug|x64.Build.0 = Debug|Any CPU
		{6E356F6F-A9C8-4DF2-8525-C635752C6C29}.Debug|x64.Deploy.0 = Debug|Any CPU
		{6E356F6F-A9C8-4DF2-8525-C635752C6C29}.Debug|x86.ActiveCfg = Debug|x86
		{6E356F6F-A9C8-4DF2-8525-C635752C6C29}.Debug|x86.Build.0 = Debug|x86
		{6E356F6F-A9C8-4DF2-8525-C635752C6C29}.Debug|x86.Deploy.0 = Debug|x86
		{6E356F6F-A9C8-4DF2-8525-C635752C6C29}.Release|Any CPU.ActiveCfg = Release|Any CPU
		{6E356F6F-A9C8-4DF2-8525-C635752C6C29}.Release|Any CPU.Build.0 = Release|Any CPU
		{6E356F6F-A9C8-4DF2-8525-C635752C6C29}.Release|Any CPU.Deploy.0 = Release|Any CPU
		{6E356F6F-A9C8-4DF2-8525-C635752C6C29}.Release|ARM.ActiveCfg = Release|ARM
		{6E356F6F-A9C8-4DF2-8525-C635752C6C29}.Release|ARM.Build.0 = Release|ARM
		{6E356F6F-A9C8-4DF2-8525-C635752C6C29}.Release|ARM.Deploy.0 = Release|ARM
		{6E356F6F-A9C8-4DF2-8525-C635752C6C29}.Release|iPhone.ActiveCfg = Release|Any CPU
		{6E356F6F-A9C8-4DF2-8525-C635752C6C29}.Release|iPhone.Build.0 = Release|Any CPU
		{6E356F6F-A9C8-4DF2-8525-C635752C6C29}.Release|iPhone.Deploy.0 = Release|Any CPU
		{6E356F6F-A9C8-4DF2-8525-C635752C6C29}.Release|iPhoneSimulator.ActiveCfg = Release|Any CPU
		{6E356F6F-A9C8-4DF2-8525-C635752C6C29}.Release|iPhoneSimulator.Build.0 = Release|Any CPU
		{6E356F6F-A9C8-4DF2-8525-C635752C6C29}.Release|iPhoneSimulator.Deploy.0 = Release|Any CPU
		{6E356F6F-A9C8-4DF2-8525-C635752C6C29}.Release|x64.ActiveCfg = Release|Any CPU
		{6E356F6F-A9C8-4DF2-8525-C635752C6C29}.Release|x64.Build.0 = Release|Any CPU
		{6E356F6F-A9C8-4DF2-8525-C635752C6C29}.Release|x64.Deploy.0 = Release|Any CPU
		{6E356F6F-A9C8-4DF2-8525-C635752C6C29}.Release|x86.ActiveCfg = Release|x86
		{6E356F6F-A9C8-4DF2-8525-C635752C6C29}.Release|x86.Build.0 = Release|x86
		{6E356F6F-A9C8-4DF2-8525-C635752C6C29}.Release|x86.Deploy.0 = Release|x86
		{D57C6E6E-4988-475D-B778-1073F8ADA74C}.Ad-Hoc|Any CPU.ActiveCfg = Release|x86
		{D57C6E6E-4988-475D-B778-1073F8ADA74C}.Ad-Hoc|Any CPU.Build.0 = Release|x86
		{D57C6E6E-4988-475D-B778-1073F8ADA74C}.Ad-Hoc|Any CPU.Deploy.0 = Release|x86
		{D57C6E6E-4988-475D-B778-1073F8ADA74C}.Ad-Hoc|ARM.ActiveCfg = Release|ARM
		{D57C6E6E-4988-475D-B778-1073F8ADA74C}.Ad-Hoc|ARM.Build.0 = Release|ARM
		{D57C6E6E-4988-475D-B778-1073F8ADA74C}.Ad-Hoc|ARM.Deploy.0 = Release|ARM
		{D57C6E6E-4988-475D-B778-1073F8ADA74C}.Ad-Hoc|iPhone.ActiveCfg = Release|x86
		{D57C6E6E-4988-475D-B778-1073F8ADA74C}.Ad-Hoc|iPhone.Build.0 = Release|x86
		{D57C6E6E-4988-475D-B778-1073F8ADA74C}.Ad-Hoc|iPhone.Deploy.0 = Release|x86
		{D57C6E6E-4988-475D-B778-1073F8ADA74C}.Ad-Hoc|iPhoneSimulator.ActiveCfg = Release|x86
		{D57C6E6E-4988-475D-B778-1073F8ADA74C}.Ad-Hoc|iPhoneSimulator.Build.0 = Release|x86
		{D57C6E6E-4988-475D-B778-1073F8ADA74C}.Ad-Hoc|iPhoneSimulator.Deploy.0 = Release|x86
		{D57C6E6E-4988-475D-B778-1073F8ADA74C}.Ad-Hoc|x64.ActiveCfg = Release|x64
		{D57C6E6E-4988-475D-B778-1073F8ADA74C}.Ad-Hoc|x64.Build.0 = Release|x64
		{D57C6E6E-4988-475D-B778-1073F8ADA74C}.Ad-Hoc|x64.Deploy.0 = Release|x64
		{D57C6E6E-4988-475D-B778-1073F8ADA74C}.Ad-Hoc|x86.ActiveCfg = Release|x86
		{D57C6E6E-4988-475D-B778-1073F8ADA74C}.Ad-Hoc|x86.Build.0 = Release|x86
		{D57C6E6E-4988-475D-B778-1073F8ADA74C}.Ad-Hoc|x86.Deploy.0 = Release|x86
		{D57C6E6E-4988-475D-B778-1073F8ADA74C}.AppStore|Any CPU.ActiveCfg = Release|x86
		{D57C6E6E-4988-475D-B778-1073F8ADA74C}.AppStore|Any CPU.Build.0 = Release|x86
		{D57C6E6E-4988-475D-B778-1073F8ADA74C}.AppStore|Any CPU.Deploy.0 = Release|x86
		{D57C6E6E-4988-475D-B778-1073F8ADA74C}.AppStore|ARM.ActiveCfg = Release|ARM
		{D57C6E6E-4988-475D-B778-1073F8ADA74C}.AppStore|ARM.Build.0 = Release|ARM
		{D57C6E6E-4988-475D-B778-1073F8ADA74C}.AppStore|ARM.Deploy.0 = Release|ARM
		{D57C6E6E-4988-475D-B778-1073F8ADA74C}.AppStore|iPhone.ActiveCfg = Release|x86
		{D57C6E6E-4988-475D-B778-1073F8ADA74C}.AppStore|iPhone.Build.0 = Release|x86
		{D57C6E6E-4988-475D-B778-1073F8ADA74C}.AppStore|iPhone.Deploy.0 = Release|x86
		{D57C6E6E-4988-475D-B778-1073F8ADA74C}.AppStore|iPhoneSimulator.ActiveCfg = Release|x86
		{D57C6E6E-4988-475D-B778-1073F8ADA74C}.AppStore|iPhoneSimulator.Build.0 = Release|x86
		{D57C6E6E-4988-475D-B778-1073F8ADA74C}.AppStore|iPhoneSimulator.Deploy.0 = Release|x86
		{D57C6E6E-4988-475D-B778-1073F8ADA74C}.AppStore|x64.ActiveCfg = Release|x64
		{D57C6E6E-4988-475D-B778-1073F8ADA74C}.AppStore|x64.Build.0 = Release|x64
		{D57C6E6E-4988-475D-B778-1073F8ADA74C}.AppStore|x64.Deploy.0 = Release|x64
		{D57C6E6E-4988-475D-B778-1073F8ADA74C}.AppStore|x86.ActiveCfg = Release|x86
		{D57C6E6E-4988-475D-B778-1073F8ADA74C}.AppStore|x86.Build.0 = Release|x86
		{D57C6E6E-4988-475D-B778-1073F8ADA74C}.AppStore|x86.Deploy.0 = Release|x86
		{D57C6E6E-4988-475D-B778-1073F8ADA74C}.Debug|Any CPU.ActiveCfg = Debug|x86
		{D57C6E6E-4988-475D-B778-1073F8ADA74C}.Debug|ARM.ActiveCfg = Debug|ARM
		{D57C6E6E-4988-475D-B778-1073F8ADA74C}.Debug|ARM.Build.0 = Debug|ARM
		{D57C6E6E-4988-475D-B778-1073F8ADA74C}.Debug|ARM.Deploy.0 = Debug|ARM
		{D57C6E6E-4988-475D-B778-1073F8ADA74C}.Debug|iPhone.ActiveCfg = Debug|x86
		{D57C6E6E-4988-475D-B778-1073F8ADA74C}.Debug|iPhoneSimulator.ActiveCfg = Debug|x86
		{D57C6E6E-4988-475D-B778-1073F8ADA74C}.Debug|x64.ActiveCfg = Debug|x64
		{D57C6E6E-4988-475D-B778-1073F8ADA74C}.Debug|x64.Build.0 = Debug|x64
		{D57C6E6E-4988-475D-B778-1073F8ADA74C}.Debug|x64.Deploy.0 = Debug|x64
		{D57C6E6E-4988-475D-B778-1073F8ADA74C}.Debug|x86.ActiveCfg = Debug|x86
		{D57C6E6E-4988-475D-B778-1073F8ADA74C}.Debug|x86.Build.0 = Debug|x86
		{D57C6E6E-4988-475D-B778-1073F8ADA74C}.Debug|x86.Deploy.0 = Debug|x86
		{D57C6E6E-4988-475D-B778-1073F8ADA74C}.Release|Any CPU.ActiveCfg = Release|x86
		{D57C6E6E-4988-475D-B778-1073F8ADA74C}.Release|ARM.ActiveCfg = Release|ARM
		{D57C6E6E-4988-475D-B778-1073F8ADA74C}.Release|ARM.Build.0 = Release|ARM
		{D57C6E6E-4988-475D-B778-1073F8ADA74C}.Release|ARM.Deploy.0 = Release|ARM
		{D57C6E6E-4988-475D-B778-1073F8ADA74C}.Release|iPhone.ActiveCfg = Release|x86
		{D57C6E6E-4988-475D-B778-1073F8ADA74C}.Release|iPhoneSimulator.ActiveCfg = Release|x86
		{D57C6E6E-4988-475D-B778-1073F8ADA74C}.Release|x64.ActiveCfg = Release|x64
		{D57C6E6E-4988-475D-B778-1073F8ADA74C}.Release|x64.Build.0 = Release|x64
		{D57C6E6E-4988-475D-B778-1073F8ADA74C}.Release|x64.Deploy.0 = Release|x64
		{D57C6E6E-4988-475D-B778-1073F8ADA74C}.Release|x86.ActiveCfg = Release|x86
		{D57C6E6E-4988-475D-B778-1073F8ADA74C}.Release|x86.Build.0 = Release|x86
		{D57C6E6E-4988-475D-B778-1073F8ADA74C}.Release|x86.Deploy.0 = Release|x86
		{8088BB1F-9DA1-4758-906A-1533CDDA590F}.Ad-Hoc|Any CPU.ActiveCfg = Release|Any CPU
		{8088BB1F-9DA1-4758-906A-1533CDDA590F}.Ad-Hoc|Any CPU.Build.0 = Release|Any CPU
		{8088BB1F-9DA1-4758-906A-1533CDDA590F}.Ad-Hoc|Any CPU.Deploy.0 = Release|Any CPU
		{8088BB1F-9DA1-4758-906A-1533CDDA590F}.Ad-Hoc|ARM.ActiveCfg = Release|ARM
		{8088BB1F-9DA1-4758-906A-1533CDDA590F}.Ad-Hoc|ARM.Build.0 = Release|ARM
		{8088BB1F-9DA1-4758-906A-1533CDDA590F}.Ad-Hoc|ARM.Deploy.0 = Release|ARM
		{8088BB1F-9DA1-4758-906A-1533CDDA590F}.Ad-Hoc|iPhone.ActiveCfg = Release|Any CPU
		{8088BB1F-9DA1-4758-906A-1533CDDA590F}.Ad-Hoc|iPhone.Build.0 = Release|Any CPU
		{8088BB1F-9DA1-4758-906A-1533CDDA590F}.Ad-Hoc|iPhone.Deploy.0 = Release|Any CPU
		{8088BB1F-9DA1-4758-906A-1533CDDA590F}.Ad-Hoc|iPhoneSimulator.ActiveCfg = Release|Any CPU
		{8088BB1F-9DA1-4758-906A-1533CDDA590F}.Ad-Hoc|iPhoneSimulator.Build.0 = Release|Any CPU
		{8088BB1F-9DA1-4758-906A-1533CDDA590F}.Ad-Hoc|iPhoneSimulator.Deploy.0 = Release|Any CPU
		{8088BB1F-9DA1-4758-906A-1533CDDA590F}.Ad-Hoc|x64.ActiveCfg = Release|x64
		{8088BB1F-9DA1-4758-906A-1533CDDA590F}.Ad-Hoc|x64.Build.0 = Release|x64
		{8088BB1F-9DA1-4758-906A-1533CDDA590F}.Ad-Hoc|x64.Deploy.0 = Release|x64
		{8088BB1F-9DA1-4758-906A-1533CDDA590F}.Ad-Hoc|x86.ActiveCfg = Release|x86
		{8088BB1F-9DA1-4758-906A-1533CDDA590F}.Ad-Hoc|x86.Build.0 = Release|x86
		{8088BB1F-9DA1-4758-906A-1533CDDA590F}.Ad-Hoc|x86.Deploy.0 = Release|x86
		{8088BB1F-9DA1-4758-906A-1533CDDA590F}.AppStore|Any CPU.ActiveCfg = Release|Any CPU
		{8088BB1F-9DA1-4758-906A-1533CDDA590F}.AppStore|Any CPU.Build.0 = Release|Any CPU
		{8088BB1F-9DA1-4758-906A-1533CDDA590F}.AppStore|Any CPU.Deploy.0 = Release|Any CPU
		{8088BB1F-9DA1-4758-906A-1533CDDA590F}.AppStore|ARM.ActiveCfg = Release|ARM
		{8088BB1F-9DA1-4758-906A-1533CDDA590F}.AppStore|ARM.Build.0 = Release|ARM
		{8088BB1F-9DA1-4758-906A-1533CDDA590F}.AppStore|ARM.Deploy.0 = Release|ARM
		{8088BB1F-9DA1-4758-906A-1533CDDA590F}.AppStore|iPhone.ActiveCfg = Release|Any CPU
		{8088BB1F-9DA1-4758-906A-1533CDDA590F}.AppStore|iPhone.Build.0 = Release|Any CPU
		{8088BB1F-9DA1-4758-906A-1533CDDA590F}.AppStore|iPhone.Deploy.0 = Release|Any CPU
		{8088BB1F-9DA1-4758-906A-1533CDDA590F}.AppStore|iPhoneSimulator.ActiveCfg = Release|Any CPU
		{8088BB1F-9DA1-4758-906A-1533CDDA590F}.AppStore|iPhoneSimulator.Build.0 = Release|Any CPU
		{8088BB1F-9DA1-4758-906A-1533CDDA590F}.AppStore|iPhoneSimulator.Deploy.0 = Release|Any CPU
		{8088BB1F-9DA1-4758-906A-1533CDDA590F}.AppStore|x64.ActiveCfg = Release|x64
		{8088BB1F-9DA1-4758-906A-1533CDDA590F}.AppStore|x64.Build.0 = Release|x64
		{8088BB1F-9DA1-4758-906A-1533CDDA590F}.AppStore|x64.Deploy.0 = Release|x64
		{8088BB1F-9DA1-4758-906A-1533CDDA590F}.AppStore|x86.ActiveCfg = Release|x86
		{8088BB1F-9DA1-4758-906A-1533CDDA590F}.AppStore|x86.Build.0 = Release|x86
		{8088BB1F-9DA1-4758-906A-1533CDDA590F}.AppStore|x86.Deploy.0 = Release|x86
		{8088BB1F-9DA1-4758-906A-1533CDDA590F}.Debug|Any CPU.ActiveCfg = Debug|Any CPU
		{8088BB1F-9DA1-4758-906A-1533CDDA590F}.Debug|Any CPU.Build.0 = Debug|Any CPU
		{8088BB1F-9DA1-4758-906A-1533CDDA590F}.Debug|Any CPU.Deploy.0 = Debug|Any CPU
		{8088BB1F-9DA1-4758-906A-1533CDDA590F}.Debug|ARM.ActiveCfg = Debug|ARM
		{8088BB1F-9DA1-4758-906A-1533CDDA590F}.Debug|ARM.Build.0 = Debug|ARM
		{8088BB1F-9DA1-4758-906A-1533CDDA590F}.Debug|ARM.Deploy.0 = Debug|ARM
		{8088BB1F-9DA1-4758-906A-1533CDDA590F}.Debug|iPhone.ActiveCfg = Debug|Any CPU
		{8088BB1F-9DA1-4758-906A-1533CDDA590F}.Debug|iPhone.Build.0 = Debug|Any CPU
		{8088BB1F-9DA1-4758-906A-1533CDDA590F}.Debug|iPhone.Deploy.0 = Debug|Any CPU
		{8088BB1F-9DA1-4758-906A-1533CDDA590F}.Debug|iPhoneSimulator.ActiveCfg = Debug|Any CPU
		{8088BB1F-9DA1-4758-906A-1533CDDA590F}.Debug|iPhoneSimulator.Build.0 = Debug|Any CPU
		{8088BB1F-9DA1-4758-906A-1533CDDA590F}.Debug|iPhoneSimulator.Deploy.0 = Debug|Any CPU
		{8088BB1F-9DA1-4758-906A-1533CDDA590F}.Debug|x64.ActiveCfg = Debug|x64
		{8088BB1F-9DA1-4758-906A-1533CDDA590F}.Debug|x64.Build.0 = Debug|x64
		{8088BB1F-9DA1-4758-906A-1533CDDA590F}.Debug|x64.Deploy.0 = Debug|x64
		{8088BB1F-9DA1-4758-906A-1533CDDA590F}.Debug|x86.ActiveCfg = Debug|x86
		{8088BB1F-9DA1-4758-906A-1533CDDA590F}.Debug|x86.Build.0 = Debug|x86
		{8088BB1F-9DA1-4758-906A-1533CDDA590F}.Debug|x86.Deploy.0 = Debug|x86
		{8088BB1F-9DA1-4758-906A-1533CDDA590F}.Release|Any CPU.ActiveCfg = Release|Any CPU
		{8088BB1F-9DA1-4758-906A-1533CDDA590F}.Release|Any CPU.Build.0 = Release|Any CPU
		{8088BB1F-9DA1-4758-906A-1533CDDA590F}.Release|Any CPU.Deploy.0 = Release|Any CPU
		{8088BB1F-9DA1-4758-906A-1533CDDA590F}.Release|ARM.ActiveCfg = Release|ARM
		{8088BB1F-9DA1-4758-906A-1533CDDA590F}.Release|ARM.Build.0 = Release|ARM
		{8088BB1F-9DA1-4758-906A-1533CDDA590F}.Release|ARM.Deploy.0 = Release|ARM
		{8088BB1F-9DA1-4758-906A-1533CDDA590F}.Release|iPhone.ActiveCfg = Release|Any CPU
		{8088BB1F-9DA1-4758-906A-1533CDDA590F}.Release|iPhone.Build.0 = Release|Any CPU
		{8088BB1F-9DA1-4758-906A-1533CDDA590F}.Release|iPhone.Deploy.0 = Release|Any CPU
		{8088BB1F-9DA1-4758-906A-1533CDDA590F}.Release|iPhoneSimulator.ActiveCfg = Release|Any CPU
		{8088BB1F-9DA1-4758-906A-1533CDDA590F}.Release|iPhoneSimulator.Build.0 = Release|Any CPU
		{8088BB1F-9DA1-4758-906A-1533CDDA590F}.Release|iPhoneSimulator.Deploy.0 = Release|Any CPU
		{8088BB1F-9DA1-4758-906A-1533CDDA590F}.Release|x64.ActiveCfg = Release|x64
		{8088BB1F-9DA1-4758-906A-1533CDDA590F}.Release|x64.Build.0 = Release|x64
		{8088BB1F-9DA1-4758-906A-1533CDDA590F}.Release|x64.Deploy.0 = Release|x64
		{8088BB1F-9DA1-4758-906A-1533CDDA590F}.Release|x86.ActiveCfg = Release|x86
		{8088BB1F-9DA1-4758-906A-1533CDDA590F}.Release|x86.Build.0 = Release|x86
		{8088BB1F-9DA1-4758-906A-1533CDDA590F}.Release|x86.Deploy.0 = Release|x86
	EndGlobalSection
	GlobalSection(SolutionProperties) = preSolution
		HideSolutionNode = FALSE
	EndGlobalSection
EndGlobal
